
Microsoft Visual Studio Solution File, Format Version 12.00
# Visual Studio Version 17
VisualStudioVersion = 17.0.31919.166
MinimumVisualStudioVersion = 10.0.40219.1
Project("{FAE04EC0-301F-11D3-BF4B-00C04F79EFBC}") = "Mes", "Mes\Mes.csproj", "{A4794547-4477-4B16-9320-AD67C3B24498}"
EndProject
Project("{FAE04EC0-301F-11D3-BF4B-00C04F79EFBC}") = "wpf_try", "wpf_try\wpf_try.csproj", "{6A7B0D8B-3DE1-46D9-983F-CA7E30ACB2F3}"
EndProject
Global
	GlobalSection(SolutionConfigurationPlatforms) = preSolution
		Debug|Any CPU = Debug|Any CPU
		Release|Any CPU = Release|Any CPU
	EndGlobalSection
	GlobalSection(ProjectConfigurationPlatforms) = postSolution
		{A4794547-4477-4B16-9320-AD67C3B24498}.Debug|Any CPU.ActiveCfg = Debug|Any CPU
		{A4794547-4477-4B16-9320-AD67C3B24498}.Debug|Any CPU.Build.0 = Debug|Any CPU
		{A4794547-4477-4B16-9320-AD67C3B24498}.Release|Any CPU.ActiveCfg = Release|Any CPU
		{A4794547-4477-4B16-9320-AD67C3B24498}.Release|Any CPU.Build.0 = Release|Any CPU
		{6A7B0D8B-3DE1-46D9-983F-CA7E30ACB2F3}.Debug|Any CPU.ActiveCfg = Debug|Any CPU
		{6A7B0D8B-3DE1-46D9-983F-CA7E30ACB2F3}.Debug|Any CPU.Build.0 = Debug|Any CPU
		{6A7B0D8B-3DE1-46D9-983F-CA7E30ACB2F3}.Release|Any CPU.ActiveCfg = Release|Any CPU
		{6A7B0D8B-3DE1-46D9-983F-CA7E30ACB2F3}.Release|Any CPU.Build.0 = Release|Any CPU
	EndGlobalSection
	GlobalSection(SolutionProperties) = preSolution
		HideSolutionNode = FALSE
	EndGlobalSection
	GlobalSection(ExtensibilityGlobals) = postSolution
		SolutionGuid = {C06A836A-4381-4914-88BA-AFCF84B006AA}
	EndGlobalSection
EndGlobal
